Microsoft Visual Studio Solution File, Format Version 11.00
# Visual Studio 2008

Project("{E3AE2B78-3724-A9CC-53A6-6291DA7D7C0B}") = "3D-OfficialPlatformer", "Assembly-CSharp.csproj", "{FE676AD3-4642-9897-3AE2-C2679E1F8071}"
EndProject
Global
	GlobalSection(SolutionConfigurationPlatforms) = preSolution
		Debug|Any CPU = Debug|Any CPU
		Release|Any CPU = Release|Any CPU
	EndGlobalSection
	GlobalSection(ProjectConfigurationPlatforms) = postSolution
		{FE676AD3-4642-9897-3AE2-C2679E1F8071}.Debug|Any CPU.ActiveCfg = Debug|Any CPU
		{FE676AD3-4642-9897-3AE2-C2679E1F8071}.Debug|Any CPU.Build.0 = Debug|Any CPU
		{FE676AD3-4642-9897-3AE2-C2679E1F8071}.Release|Any CPU.ActiveCfg = Release|Any CPU
		{FE676AD3-4642-9897-3AE2-C2679E1F8071}.Release|Any CPU.Build.0 = Release|Any CPU
	EndGlobalSection
	GlobalSection(SolutionProperties) = preSolution
		HideSolutionNode = FALSE
	EndGlobalSection
	GlobalSection(MonoDevelopProperties) = preSolution
		StartupItem = Assembly-CSharp.csproj
	EndGlobalSection
EndGlobal
